
Microsoft Visual Studio Solution File, Format Version 12.00
# Visual Studio Version 17
VisualStudioVersion = 17.5.33424.131
MinimumVisualStudioVersion = 10.0.40219.1
Project("{2150E333-8FDC-42A3-9474-1A3956D46DE8}") = "Source", "Source", "{3C107660-6124-4746-9EE4-3C043A3F2BA5}"
EndProject
Project("{2150E333-8FDC-42A3-9474-1A3956D46DE8}") = "Core", "Core", "{6CE523B7-3BDC-451C-B3DB-DB3405740D6A}"
EndProject
Project("{2150E333-8FDC-42A3-9474-1A3956D46DE8}") = "Infrastructure", "Infrastructure", "{C54535DE-53A3-43D7-832C-7E85682481DB}"
EndProject
Project("{2150E333-8FDC-42A3-9474-1A3956D46DE8}") = "Presentation", "Presentation", "{9B011A06-E47B-4A8F-BD92-F366440B2DD3}"
EndProject
Project("{2150E333-8FDC-42A3-9474-1A3956D46DE8}") = "WebApi", "WebApi", "{5DCD1869-CD1F-4585-AE11-09D1D8612B1C}"
EndProject
Project("{2150E333-8FDC-42A3-9474-1A3956D46DE8}") = "Persistence", "Persistence", "{88BBCD73-1E16-46B3-85D0-AD0A4018FE2E}"
EndProject
Project("{2150E333-8FDC-42A3-9474-1A3956D46DE8}") = "Identity", "Identity", "{FB154048-61DF-4839-8B4E-229AB3DD0445}"
EndProject
Project("{2150E333-8FDC-42A3-9474-1A3956D46DE8}") = "Application", "Application", "{68EABC76-B05D-41E1-80F6-0D68659B9488}"
EndProject
Project("{2150E333-8FDC-42A3-9474-1A3956D46DE8}") = "Domain", "Domain", "{517CCAE6-7551-4E9A-88FD-4707B4025424}"
EndProject
Project("{9A19103F-16F7-4668-BE54-9A1E7A4F7556}") = "Restaurant.Core.Application", "Restaurant.Core.Application\Restaurant.Core.Application.csproj", "{4045B121-866A-48BB-B281-78BDD6DC0781}"
EndProject
Project("{9A19103F-16F7-4668-BE54-9A1E7A4F7556}") = "Restaurant.Core.Domain", "Restaurant.Core.Domain\Restaurant.Core.Domain.csproj", "{CD8AA267-D481-462F-B442-568F33DA99D5}"
EndProject
Project("{9A19103F-16F7-4668-BE54-9A1E7A4F7556}") = "Restaurant.Infrastructure.Identity", "Restaurant.Infrastructure.Identity\Restaurant.Infrastructure.Identity.csproj", "{347DFABA-B148-4236-9A13-F7224BDAAECD}"
EndProject
Project("{9A19103F-16F7-4668-BE54-9A1E7A4F7556}") = "Restaurant.Infrastructure.Persistence", "Restaurant.Infrastructure.Persistence\Restaurant.Infrastructure.Persistence.csproj", "{EED61C45-5CA6-4A5B-978A-DA963F722EFC}"
EndProject
Project("{9A19103F-16F7-4668-BE54-9A1E7A4F7556}") = "Restaurant.Presentation.WebApi", "Restaurant.Presentation.WebApi\Restaurant.Presentation.WebApi.csproj", "{3B8BF451-74C9-4FC1-99CB-65D078CD843F}"
EndProject
Global
	GlobalSection(SolutionConfigurationPlatforms) = preSolution
		Debug|Any CPU = Debug|Any CPU
		Release|Any CPU = Release|Any CPU
	EndGlobalSection
	GlobalSection(ProjectConfigurationPlatforms) = postSolution
		{4045B121-866A-48BB-B281-78BDD6DC0781}.Debug|Any CPU.ActiveCfg = Debug|Any CPU
		{4045B121-866A-48BB-B281-78BDD6DC0781}.Debug|Any CPU.Build.0 = Debug|Any CPU
		{4045B121-866A-48BB-B281-78BDD6DC0781}.Release|Any CPU.ActiveCfg = Release|Any CPU
		{4045B121-866A-48BB-B281-78BDD6DC0781}.Release|Any CPU.Build.0 = Release|Any CPU
		{CD8AA267-D481-462F-B442-568F33DA99D5}.Debug|Any CPU.ActiveCfg = Debug|Any CPU
		{CD8AA267-D481-462F-B442-568F33DA99D5}.Debug|Any CPU.Build.0 = Debug|Any CPU
		{CD8AA267-D481-462F-B442-568F33DA99D5}.Release|Any CPU.ActiveCfg = Release|Any CPU
		{CD8AA267-D481-462F-B442-568F33DA99D5}.Release|Any CPU.Build.0 = Release|Any CPU
		{347DFABA-B148-4236-9A13-F7224BDAAECD}.Debug|Any CPU.ActiveCfg = Debug|Any CPU
		{347DFABA-B148-4236-9A13-F7224BDAAECD}.Debug|Any CPU.Build.0 = Debug|Any CPU
		{347DFABA-B148-4236-9A13-F7224BDAAECD}.Release|Any CPU.ActiveCfg = Release|Any CPU
		{347DFABA-B148-4236-9A13-F7224BDAAECD}.Release|Any CPU.Build.0 = Release|Any CPU
		{EED61C45-5CA6-4A5B-978A-DA963F722EFC}.Debug|Any CPU.ActiveCfg = Debug|Any CPU
		{EED61C45-5CA6-4A5B-978A-DA963F722EFC}.Debug|Any CPU.Build.0 = Debug|Any CPU
		{EED61C45-5CA6-4A5B-978A-DA963F722EFC}.Release|Any CPU.ActiveCfg = Release|Any CPU
		{EED61C45-5CA6-4A5B-978A-DA963F722EFC}.Release|Any CPU.Build.0 = Release|Any CPU
		{3B8BF451-74C9-4FC1-99CB-65D078CD843F}.Debug|Any CPU.ActiveCfg = Debug|Any CPU
		{3B8BF451-74C9-4FC1-99CB-65D078CD843F}.Debug|Any CPU.Build.0 = Debug|Any CPU
		{3B8BF451-74C9-4FC1-99CB-65D078CD843F}.Release|Any CPU.ActiveCfg = Release|Any CPU
		{3B8BF451-74C9-4FC1-99CB-65D078CD843F}.Release|Any CPU.Build.0 = Release|Any CPU
	EndGlobalSection
	GlobalSection(SolutionProperties) = preSolution
		HideSolutionNode = FALSE
	EndGlobalSection
	GlobalSection(NestedProjects) = preSolution
		{6CE523B7-3BDC-451C-B3DB-DB3405740D6A} = {3C107660-6124-4746-9EE4-3C043A3F2BA5}
		{C54535DE-53A3-43D7-832C-7E85682481DB} = {3C107660-6124-4746-9EE4-3C043A3F2BA5}
		{9B011A06-E47B-4A8F-BD92-F366440B2DD3} = {3C107660-6124-4746-9EE4-3C043A3F2BA5}
		{5DCD1869-CD1F-4585-AE11-09D1D8612B1C} = {9B011A06-E47B-4A8F-BD92-F366440B2DD3}
		{88BBCD73-1E16-46B3-85D0-AD0A4018FE2E} = {C54535DE-53A3-43D7-832C-7E85682481DB}
		{FB154048-61DF-4839-8B4E-229AB3DD0445} = {C54535DE-53A3-43D7-832C-7E85682481DB}
		{68EABC76-B05D-41E1-80F6-0D68659B9488} = {6CE523B7-3BDC-451C-B3DB-DB3405740D6A}
		{517CCAE6-7551-4E9A-88FD-4707B4025424} = {6CE523B7-3BDC-451C-B3DB-DB3405740D6A}
		{4045B121-866A-48BB-B281-78BDD6DC0781} = {68EABC76-B05D-41E1-80F6-0D68659B9488}
		{CD8AA267-D481-462F-B442-568F33DA99D5} = {517CCAE6-7551-4E9A-88FD-4707B4025424}
		{347DFABA-B148-4236-9A13-F7224BDAAECD} = {FB154048-61DF-4839-8B4E-229AB3DD0445}
		{EED61C45-5CA6-4A5B-978A-DA963F722EFC} = {88BBCD73-1E16-46B3-85D0-AD0A4018FE2E}
		{3B8BF451-74C9-4FC1-99CB-65D078CD843F} = {5DCD1869-CD1F-4585-AE11-09D1D8612B1C}
	EndGlobalSection
	GlobalSection(ExtensibilityGlobals) = postSolution
		SolutionGuid = {AF0F2E7C-7E1D-462E-B11F-ED0EFBCED9E4}
	EndGlobalSection
EndGlobal
